# THIS IS AN AUTOGENERATED FILE. DO NOT EDIT THIS FILE DIRECTLY.
# yarn lockfile v1


"@types/inquirer@8.2.0":
  version "8.2.0"
  resolved "https://registry.yarnpkg.com/@types/inquirer/-/inquirer-8.2.0.tgz#b9566d048f5ff65159f2ed97aff45fe0f00b35ec"
  integrity sha512-BNoMetRf3gmkpAlV5we+kxyZTle7YibdOntIZbU5pyIfMdcwy784KfeZDAcuyMznkh5OLa17RVXZOGA5LTlkgQ==
  dependencies:
    "@types/through" "*"
    rxjs "^7.2.0"

"@types/node@*":
  version "18.7.13"
  resolved "https://registry.yarnpkg.com/@types/node/-/node-18.7.13.tgz#23e6c5168333480d454243378b69e861ab5c011a"
  integrity sha512-46yIhxSe5xEaJZXWdIBP7GU4HDTG8/eo0qd9atdiL+lFpA03y8KS+lkTN834TWJj5767GbWv4n/P6efyTFt1Dw==

"@types/through@*":
  version "0.0.30"
  resolved "https://registry.yarnpkg.com/@types/through/-/through-0.0.30.tgz#e0e42ce77e897bd6aead6f6ea62aeb135b8a3895"
  integrity sha512-FvnCJljyxhPM3gkRgWmxmDZyAQSiBQQWLI0A0VFL0K7W1oRUrPJSqNO0NvTnLkBcotdlp3lKvaT0JrnyRDkzOg==
  dependencies:
    "@types/node" "*"

reg-suit-interface@^0.12.1:
  version "0.12.1"
  resolved "https://registry.yarnpkg.com/reg-suit-interface/-/reg-suit-interface-0.12.1.tgz#93379d877b13f7a485daada6ddb8de25a07d8a9c"
  integrity sha512-EVLzJQtsknRkyW1pwCtdYRl/fyDBunWbMpOU+gDvuPEwuSmSZoBY/skbNb1FxYpIn4vQuh9VBlHhMSxYHYNfOg==
  dependencies:
    "@types/inquirer" "8.2.0"

rxjs@^7.2.0:
  version "7.5.6"
  resolved "https://registry.yarnpkg.com/rxjs/-/rxjs-7.5.6.tgz#0446577557862afd6903517ce7cae79ecb9662bc"
  integrity sha512-dnyv2/YsXhnm461G+R/Pe5bWP41Nm6LBXEYWI6eiFP4fiwx6WRI/CD0zbdVAudd9xwLEF2IDcKXLHit0FYjUzw==
  dependencies:
    tslib "^2.1.0"

tslib@^2.1.0:
  version "2.4.0"
  resolved "https://registry.yarnpkg.com/tslib/-/tslib-2.4.0.tgz#7cecaa7f073ce680a05847aa77be941098f36dc3"
  integrity sha512-d6xOpEDfsi2CZVlPQzGeux8XMwLT9hssAsaPYExaQMuYskwb+x1x7J371tWlbBdWHroy99KnVB6qIkUbs5X3UQ==

typescript@^4.8.2:
  version "4.8.2"
  resolved "https://registry.yarnpkg.com/typescript/-/typescript-4.8.2.tgz#e3b33d5ccfb5914e4eeab6699cf208adee3fd790"
  integrity sha512-C0I1UsrrDHo2fYI5oaCGbSejwX4ch+9Y5jTQELvovfmFkK3HHSZJB8MSJcWLmCUBzQBchCrZ9rMRV6GuNrvGtw==
